// !$*UTF8*$!
{
	archiveVersion = 1;
	classes = {
	};
	objectVersion = 50;
	objects = {

/* Begin PBXBuildFile section */
		D888D25325FDAAE1008CC9AA /* .travis.yml in Resources */ = {isa = PBXBuildFile; fileRef = D888D25225FDAAE1008CC9AA /* .travis.yml */; };
		D888D2E225FDBFD8008CC9AA /* LuminosoInstance.swift in Sources */ = {isa = PBXBuildFile; fileRef = D888D2E125FDBFD8008CC9AA /* LuminosoInstance.swift */; };
		D888D2E325FDBFD8008CC9AA /* LuminosoInstance.swift in Sources */ = {isa = PBXBuildFile; fileRef = D888D2E125FDBFD8008CC9AA /* LuminosoInstance.swift */; };
		D888D2E425FDBFD8008CC9AA /* LuminosoInstance.swift in Sources */ = {isa = PBXBuildFile; fileRef = D888D2E125FDBFD8008CC9AA /* LuminosoInstance.swift */; };
		E746292524890BFE00F92D67 /* Foundation.framework in Frameworks */ = {isa = PBXBuildFile; fileRef = E746292424890BFE00F92D67 /* Foundation.framework */; };
		E746292724890C1100F92D67 /* SystemConfiguration.framework in Frameworks */ = {isa = PBXBuildFile; fileRef = E746292624890C1100F92D67 /* SystemConfiguration.framework */; };
		E746292924890C1500F92D67 /* libc++.tbd in Frameworks */ = {isa = PBXBuildFile; fileRef = E746292824890C1500F92D67 /* libc++.tbd */; };
		E746292B24890C1A00F92D67 /* libz.tbd in Frameworks */ = {isa = PBXBuildFile; fileRef = E746292A24890C1A00F92D67 /* libz.tbd */; };
		E746293C24890C9F00F92D67 /* Foundation.framework in Frameworks */ = {isa = PBXBuildFile; fileRef = E746292424890BFE00F92D67 /* Foundation.framework */; };
		E746293D24890CA400F92D67 /* SystemConfiguration.framework in Frameworks */ = {isa = PBXBuildFile; fileRef = E746292624890C1100F92D67 /* SystemConfiguration.framework */; };
/* End PBXBuildFile section */

/* Begin PBXContainerItemProxy section */
		00AD1C7D24869B0E00A27979 /* PBXContainerItemProxy */ = {
			isa = PBXContainerItemProxy;
			containerPortal = 00AD1C6924869B0E00A27979 /* Project object */;
			proxyType = 1;
			remoteGlobalIDString = 00AD1C7124869B0E00A27979;
			remoteInfo = Luminoso;
		};
		00AD1CB724869C1200A27979 /* PBXContainerItemProxy */ = {
			isa = PBXContainerItemProxy;
			containerPortal = 00AD1C6924869B0E00A27979 /* Project object */;
			proxyType = 1;
			remoteGlobalIDString = 00AD1CAC24869C1200A27979;
			remoteInfo = "Luminoso-macOS";
		};
		00AD1CD324869C2400A27979 /* PBXContainerItemProxy */ = {
			isa = PBXContainerItemProxy;
			containerPortal = 00AD1C6924869B0E00A27979 /* Project object */;
			proxyType = 1;
			remoteGlobalIDString = 00AD1CC824869C2400A27979;
			remoteInfo = "Luminoso-tvOS";
		};
/* End PBXContainerItemProxy section */

/* Begin PBXCopyFilesBuildPhase section */
		00AD1CE224869C6C00A27979 /* CopyFiles */ = {
			isa = PBXCopyFilesBuildPhase;
			buildActionMask = 2147483647;
			dstPath = "include/$(PRODUCT_NAME)";
			dstSubfolderSpec = 16;
			files = (
			);
			runOnlyForDeploymentPostprocessing = 0;
		};
/* End PBXCopyFilesBuildPhase section */

/* Begin PBXFileReference section */
		00E636B2248702A1006CBF1A /* README.md */ = {isa = PBXFileReference; fileEncoding = 4; lastKnownFileType = net.daringfireball.markdown; path = README.md; sourceTree = "<group>"; };
		D888D25225FDAAE1008CC9AA /* .travis.yml */ = {isa = PBXFileReference; fileEncoding = 4; lastKnownFileType = text.yaml; path = .travis.yml; sourceTree = "<group>"; };
		D888D2B625FDBCD0008CC9AA /* Luminoso.framework */ = {isa = PBXFileReference; explicitFileType = wrapper.framework; includeInIndex = 0; path = Luminoso.framework; sourceTree = BUILT_PRODUCTS_DIR; };
		D888D2B725FDBCD0008CC9AA /* Luminoso.framework */ = {isa = PBXFileReference; explicitFileType = wrapper.framework; includeInIndex = 0; path = Luminoso.framework; sourceTree = BUILT_PRODUCTS_DIR; };
		D888D2B825FDBCD0008CC9AA /* Luminoso.framework */ = {isa = PBXFileReference; explicitFileType = wrapper.framework; includeInIndex = 0; path = Luminoso.framework; sourceTree = BUILT_PRODUCTS_DIR; };
		D888D2B925FDBCD0008CC9AA /* libLuminosoStatic.a */ = {isa = PBXFileReference; explicitFileType = archive.ar; includeInIndex = 0; path = libLuminosoStatic.a; sourceTree = BUILT_PRODUCTS_DIR; };
		D888D2BA25FDBCD0008CC9AA /* Luminoso-iOSTests.xctest */ = {isa = PBXFileReference; explicitFileType = wrapper.cfbundle; includeInIndex = 0; path = "Luminoso-iOSTests.xctest"; sourceTree = BUILT_PRODUCTS_DIR; };
		D888D2BB25FDBCD0008CC9AA /* Luminoso-macOSTests.xctest */ = {isa = PBXFileReference; explicitFileType = wrapper.cfbundle; includeInIndex = 0; path = "Luminoso-macOSTests.xctest"; sourceTree = BUILT_PRODUCTS_DIR; };
		D888D2BC25FDBCD0008CC9AA /* Luminoso-tvOSTests.xctest */ = {isa = PBXFileReference; explicitFileType = wrapper.cfbundle; includeInIndex = 0; path = "Luminoso-tvOSTests.xctest"; sourceTree = BUILT_PRODUCTS_DIR; };
		D888D2E125FDBFD8008CC9AA /* LuminosoInstance.swift */ = {isa = PBXFileReference; lastKnownFileType = sourcecode.swift; path = LuminosoInstance.swift; sourceTree = "<group>"; };
		D888D2FC25FDC3F2008CC9AA /* LICENSE */ = {isa = PBXFileReference; lastKnownFileType = text; path = LICENSE; sourceTree = "<group>"; };
		E746292424890BFE00F92D67 /* Foundation.framework */ = {isa = PBXFileReference; lastKnownFileType = wrapper.framework; name = Foundation.framework; path = System/Library/Frameworks/Foundation.framework; sourceTree = SDKROOT; };
		E746292624890C1100F92D67 /* SystemConfiguration.framework */ = {isa = PBXFileReference; lastKnownFileType = wrapper.framework; name = SystemConfiguration.framework; path = System/Library/Frameworks/SystemConfiguration.framework; sourceTree = SDKROOT; };
		E746292824890C1500F92D67 /* libc++.tbd */ = {isa = PBXFileReference; lastKnownFileType = "sourcecode.text-based-dylib-definition"; name = "libc++.tbd"; path = "usr/lib/libc++.tbd"; sourceTree = SDKROOT; };
		E746292A24890C1A00F92D67 /* libz.tbd */ = {isa = PBXFileReference; lastKnownFileType = "sourcecode.text-based-dylib-definition"; name = libz.tbd; path = usr/lib/libz.tbd; sourceTree = SDKROOT; };
/* End PBXFileReference section */

/* Begin PBXFrameworksBuildPhase section */
		00AD1C6F24869B0E00A27979 /* Frameworks */ = {
			isa = PBXFrameworksBuildPhase;
			buildActionMask = 2147483647;
			files = (
				E746292B24890C1A00F92D67 /* libz.tbd in Frameworks */,
				E746292924890C1500F92D67 /* libc++.tbd in Frameworks */,
				E746292724890C1100F92D67 /* SystemConfiguration.framework in Frameworks */,
				E746292524890BFE00F92D67 /* Foundation.framework in Frameworks */,
			);
			runOnlyForDeploymentPostprocessing = 0;
		};
		00AD1C7824869B0E00A27979 /* Frameworks */ = {
			isa = PBXFrameworksBuildPhase;
			buildActionMask = 2147483647;
			files = (
			);
			runOnlyForDeploymentPostprocessing = 0;
		};
		00AD1CAA24869C1200A27979 /* Frameworks */ = {
			isa = PBXFrameworksBuildPhase;
			buildActionMask = 2147483647;
			files = (
			);
			runOnlyForDeploymentPostprocessing = 0;
		};
		00AD1CB224869C1200A27979 /* Frameworks */ = {
			isa = PBXFrameworksBuildPhase;
			buildActionMask = 2147483647;
			files = (
			);
			runOnlyForDeploymentPostprocessing = 0;
		};
		00AD1CC624869C2400A27979 /* Frameworks */ = {
			isa = PBXFrameworksBuildPhase;
			buildActionMask = 2147483647;
			files = (
			);
			runOnlyForDeploymentPostprocessing = 0;
		};
		00AD1CCE24869C2400A27979 /* Frameworks */ = {
			isa = PBXFrameworksBuildPhase;
			buildActionMask = 2147483647;
			files = (
			);
			runOnlyForDeploymentPostprocessing = 0;
		};
		00AD1CE124869C6C00A27979 /* Frameworks */ = {
			isa = PBXFrameworksBuildPhase;
			buildActionMask = 2147483647;
			files = (
				E746293D24890CA400F92D67 /* SystemConfiguration.framework in Frameworks */,
				E746293C24890C9F00F92D67 /* Foundation.framework in Frameworks */,
			);
			runOnlyForDeploymentPostprocessing = 0;
		};
/* End PBXFrameworksBuildPhase section */

/* Begin PBXGroup section */
		00AD1C6824869B0E00A27979 = {
			isa = PBXGroup;
			children = (
				D888D25125FDAACA008CC9AA /* Extras */,
				00E636B2248702A1006CBF1A /* README.md */,
				D888D2FC25FDC3F2008CC9AA /* LICENSE */,
				00AD1C7424869B0E00A27979 /* Luminoso */,
				E746292324890BFE00F92D67 /* Frameworks */,
				D888D2B625FDBCD0008CC9AA /* Luminoso.framework */,
				D888D2B725FDBCD0008CC9AA /* Luminoso.framework */,
				D888D2B825FDBCD0008CC9AA /* Luminoso.framework */,
				D888D2B925FDBCD0008CC9AA /* libLuminosoStatic.a */,
				D888D2BA25FDBCD0008CC9AA /* Luminoso-iOSTests.xctest */,
				D888D2BB25FDBCD0008CC9AA /* Luminoso-macOSTests.xctest */,
				D888D2BC25FDBCD0008CC9AA /* Luminoso-tvOSTests.xctest */,
			);
			sourceTree = "<group>";
		};
		00AD1C7424869B0E00A27979 /* Luminoso */ = {
			isa = PBXGroup;
			children = (
				D888D26925FDB2CF008CC9AA /* client */,
				D888D22425FD9E9F008CC9AA /* models */,
				D888D22325FD9E88008CC9AA /* config */,
				D888D2E125FDBFD8008CC9AA /* LuminosoInstance.swift */,
			);
			path = Luminoso;
			sourceTree = "<group>";
		};
		D888D22325FD9E88008CC9AA /* config */ = {
			isa = PBXGroup;
			children = (
			);
			path = config;
			sourceTree = "<group>";
		};
		D888D22425FD9E9F008CC9AA /* models */ = {
			isa = PBXGroup;
			children = (
			);
			path = models;
			sourceTree = "<group>";
		};
		D888D25125FDAACA008CC9AA /* Extras */ = {
			isa = PBXGroup;
			children = (
				D888D25225FDAAE1008CC9AA /* .travis.yml */,
			);
			path = Extras;
			sourceTree = "<group>";
		};
		D888D26925FDB2CF008CC9AA /* client */ = {
			isa = PBXGroup;
			children = (
			);
			path = client;
			sourceTree = "<group>";
		};
		E746292324890BFE00F92D67 /* Frameworks */ = {
			isa = PBXGroup;
			children = (
				E746292A24890C1A00F92D67 /* libz.tbd */,
				E746292824890C1500F92D67 /* libc++.tbd */,
				E746292624890C1100F92D67 /* SystemConfiguration.framework */,
				E746292424890BFE00F92D67 /* Foundation.framework */,
			);
			name = Frameworks;
			sourceTree = "<group>";
		};
/* End PBXGroup section */

/* Begin PBXHeadersBuildPhase section */
		00AD1C6D24869B0E00A27979 /* Headers */ = {
			isa = PBXHeadersBuildPhase;
			buildActionMask = 2147483647;
			files = (
			);
			runOnlyForDeploymentPostprocessing = 0;
		};
		00AD1CA824869C1200A27979 /* Headers */ = {
			isa = PBXHeadersBuildPhase;
			buildActionMask = 2147483647;
			files = (
			);
			runOnlyForDeploymentPostprocessing = 0;
		};
		00AD1CC424869C2400A27979 /* Headers */ = {
			isa = PBXHeadersBuildPhase;
			buildActionMask = 2147483647;
			files = (
			);
			runOnlyForDeploymentPostprocessing = 0;
		};
/* End PBXHeadersBuildPhase section */

/* Begin PBXNativeTarget section */
		00AD1C7124869B0E00A27979 /* Luminoso-iOS */ = {
			isa = PBXNativeTarget;
			buildConfigurationList = 00AD1C8624869B0E00A27979 /* Build configuration list for PBXNativeTarget "Luminoso-iOS" */;
			buildPhases = (
				00AD1C6D24869B0E00A27979 /* Headers */,
				00AD1C6E24869B0E00A27979 /* Sources */,
				00AD1C6F24869B0E00A27979 /* Frameworks */,
				00AD1C7024869B0E00A27979 /* Resources */,
			);
			buildRules = (
			);
			dependencies = (
			);
			name = "Luminoso-iOS";
			productName = Luminoso;
			productReference = D888D2B625FDBCD0008CC9AA /* Luminoso.framework */;
			productType = "com.apple.product-type.framework";
		};
		00AD1C7A24869B0E00A27979 /* Luminoso-iOSTests */ = {
			isa = PBXNativeTarget;
			buildConfigurationList = 00AD1C8924869B0E00A27979 /* Build configuration list for PBXNativeTarget "Luminoso-iOSTests" */;
			buildPhases = (
				00AD1C7724869B0E00A27979 /* Sources */,
				00AD1C7824869B0E00A27979 /* Frameworks */,
				00AD1C7924869B0E00A27979 /* Resources */,
			);
			buildRules = (
			);
			dependencies = (
				00AD1C7E24869B0E00A27979 /* PBXTargetDependency */,
			);
			name = "Luminoso-iOSTests";
			productName = LuminosoTests;
			productReference = D888D2BA25FDBCD0008CC9AA /* Luminoso-iOSTests.xctest */;
			productType = "com.apple.product-type.bundle.unit-test";
		};
		00AD1CAC24869C1200A27979 /* Luminoso-macOS */ = {
			isa = PBXNativeTarget;
			buildConfigurationList = 00AD1CBE24869C1200A27979 /* Build configuration list for PBXNativeTarget "Luminoso-macOS" */;
			buildPhases = (
				00AD1CA824869C1200A27979 /* Headers */,
				00AD1CA924869C1200A27979 /* Sources */,
				00AD1CAA24869C1200A27979 /* Frameworks */,
				00AD1CAB24869C1200A27979 /* Resources */,
			);
			buildRules = (
			);
			dependencies = (
			);
			name = "Luminoso-macOS";
			productName = "Luminoso-macOS";
			productReference = D888D2B725FDBCD0008CC9AA /* Luminoso.framework */;
			productType = "com.apple.product-type.framework";
		};
		00AD1CB424869C1200A27979 /* Luminoso-macOSTests */ = {
			isa = PBXNativeTarget;
			buildConfigurationList = 00AD1CC124869C1200A27979 /* Build configuration list for PBXNativeTarget "Luminoso-macOSTests" */;
			buildPhases = (
				00AD1CB124869C1200A27979 /* Sources */,
				00AD1CB224869C1200A27979 /* Frameworks */,
				00AD1CB324869C1200A27979 /* Resources */,
			);
			buildRules = (
			);
			dependencies = (
				00AD1CB824869C1200A27979 /* PBXTargetDependency */,
			);
			name = "Luminoso-macOSTests";
			productName = "Luminoso-macOSTests";
			productReference = D888D2BB25FDBCD0008CC9AA /* Luminoso-macOSTests.xctest */;
			productType = "com.apple.product-type.bundle.unit-test";
		};
		00AD1CC824869C2400A27979 /* Luminoso-tvOS */ = {
			isa = PBXNativeTarget;
			buildConfigurationList = 00AD1CDA24869C2400A27979 /* Build configuration list for PBXNativeTarget "Luminoso-tvOS" */;
			buildPhases = (
				00AD1CC424869C2400A27979 /* Headers */,
				00AD1CC524869C2400A27979 /* Sources */,
				00AD1CC624869C2400A27979 /* Frameworks */,
				00AD1CC724869C2400A27979 /* Resources */,
			);
			buildRules = (
			);
			dependencies = (
			);
			name = "Luminoso-tvOS";
			productName = "Luminoso-tvOS";
			productReference = D888D2B825FDBCD0008CC9AA /* Luminoso.framework */;
			productType = "com.apple.product-type.framework";
		};
		00AD1CD024869C2400A27979 /* Luminoso-tvOSTests */ = {
			isa = PBXNativeTarget;
			buildConfigurationList = 00AD1CDD24869C2400A27979 /* Build configuration list for PBXNativeTarget "Luminoso-tvOSTests" */;
			buildPhases = (
				00AD1CCD24869C2400A27979 /* Sources */,
				00AD1CCE24869C2400A27979 /* Frameworks */,
				00AD1CCF24869C2400A27979 /* Resources */,
			);
			buildRules = (
			);
			dependencies = (
				00AD1CD424869C2400A27979 /* PBXTargetDependency */,
			);
			name = "Luminoso-tvOSTests";
			productName = "Luminoso-tvOSTests";
			productReference = D888D2BC25FDBCD0008CC9AA /* Luminoso-tvOSTests.xctest */;
			productType = "com.apple.product-type.bundle.unit-test";
		};
		00AD1CE324869C6C00A27979 /* LuminosoStatic */ = {
			isa = PBXNativeTarget;
			buildConfigurationList = 00AD1CEA24869C6D00A27979 /* Build configuration list for PBXNativeTarget "LuminosoStatic" */;
			buildPhases = (
				00AD1CE024869C6C00A27979 /* Sources */,
				00AD1CE124869C6C00A27979 /* Frameworks */,
				00AD1CE224869C6C00A27979 /* CopyFiles */,
			);
			buildRules = (
			);
			dependencies = (
			);
			name = LuminosoStatic;
			productName = LuminosoStatic;
			productReference = D888D2B925FDBCD0008CC9AA /* libLuminosoStatic.a */;
			productType = "com.apple.product-type.library.static";
		};
/* End PBXNativeTarget section */

/* Begin PBXProject section */
		00AD1C6924869B0E00A27979 /* Project object */ = {
			isa = PBXProject;
			attributes = {
				LastUpgradeCheck = 1140;
				ORGANIZATIONNAME = "Luminoso Inc.";
				TargetAttributes = {
					00AD1C7124869B0E00A27979 = {
						CreatedOnToolsVersion = 11.4.1;
						LastSwiftMigration = 1240;
					};
					00AD1C7A24869B0E00A27979 = {
						CreatedOnToolsVersion = 11.4.1;
					};
					00AD1CAC24869C1200A27979 = {
						CreatedOnToolsVersion = 11.4.1;
						LastSwiftMigration = 1240;
					};
					00AD1CB424869C1200A27979 = {
						CreatedOnToolsVersion = 11.4.1;
					};
					00AD1CC824869C2400A27979 = {
						CreatedOnToolsVersion = 11.4.1;
						LastSwiftMigration = 1240;
					};
					00AD1CD024869C2400A27979 = {
						CreatedOnToolsVersion = 11.4.1;
					};
					00AD1CE324869C6C00A27979 = {
						CreatedOnToolsVersion = 11.4.1;
					};
				};
			};
			buildConfigurationList = 00AD1C6C24869B0E00A27979 /* Build configuration list for PBXProject "Luminoso" */;
			compatibilityVersion = "Xcode 9.3";
			developmentRegion = en;
			hasScannedForEncodings = 0;
			knownRegions = (
				en,
				Base,
			);
			mainGroup = 00AD1C6824869B0E00A27979;
			productRefGroup = 00AD1C6824869B0E00A27979;
			projectDirPath = "";
			projectRoot = "";
			targets = (
				00AD1C7124869B0E00A27979 /* Luminoso-iOS */,
				00AD1CAC24869C1200A27979 /* Luminoso-macOS */,
				00AD1CC824869C2400A27979 /* Luminoso-tvOS */,
				00AD1CE324869C6C00A27979 /* LuminosoStatic */,
				00AD1C7A24869B0E00A27979 /* Luminoso-iOSTests */,
				00AD1CB424869C1200A27979 /* Luminoso-macOSTests */,
				00AD1CD024869C2400A27979 /* Luminoso-tvOSTests */,
			);
		};
/* End PBXProject section */

/* Begin PBXResourcesBuildPhase section */
		00AD1C7024869B0E00A27979 /* Resources */ = {
			isa = PBXResourcesBuildPhase;
			buildActionMask = 2147483647;
			files = (
				D888D25325FDAAE1008CC9AA /* .travis.yml in Resources */,
			);
			runOnlyForDeploymentPostprocessing = 0;
		};
		00AD1C7924869B0E00A27979 /* Resources */ = {
			isa = PBXResourcesBuildPhase;
			buildActionMask = 2147483647;
			files = (
			);
			runOnlyForDeploymentPostprocessing = 0;
		};
		00AD1CAB24869C1200A27979 /* Resources */ = {
			isa = PBXResourcesBuildPhase;
			buildActionMask = 2147483647;
			files = (
			);
			runOnlyForDeploymentPostprocessing = 0;
		};
		00AD1CB324869C1200A27979 /* Resources */ = {
			isa = PBXResourcesBuildPhase;
			buildActionMask = 2147483647;
			files = (
			);
			runOnlyForDeploymentPostprocessing = 0;
		};
		00AD1CC724869C2400A27979 /* Resources */ = {
			isa = PBXResourcesBuildPhase;
			buildActionMask = 2147483647;
			files = (
			);
			runOnlyForDeploymentPostprocessing = 0;
		};
		00AD1CCF24869C2400A27979 /* Resources */ = {
			isa = PBXResourcesBuildPhase;
			buildActionMask = 2147483647;
			files = (
			);
			runOnlyForDeploymentPostprocessing = 0;
		};
/* End PBXResourcesBuildPhase section */

/* Begin PBXSourcesBuildPhase section */
		00AD1C6E24869B0E00A27979 /* Sources */ = {
			isa = PBXSourcesBuildPhase;
			buildActionMask = 2147483647;
			files = (
				D888D2E225FDBFD8008CC9AA /* LuminosoInstance.swift in Sources */,
			);
			runOnlyForDeploymentPostprocessing = 0;
		};
		00AD1C7724869B0E00A27979 /* Sources */ = {
			isa = PBXSourcesBuildPhase;
			buildActionMask = 2147483647;
			files = (
			);
			runOnlyForDeploymentPostprocessing = 0;
		};
		00AD1CA924869C1200A27979 /* Sources */ = {
			isa = PBXSourcesBuildPhase;
			buildActionMask = 2147483647;
			files = (
				D888D2E325FDBFD8008CC9AA /* LuminosoInstance.swift in Sources */,
			);
			runOnlyForDeploymentPostprocessing = 0;
		};
		00AD1CB124869C1200A27979 /* Sources */ = {
			isa = PBXSourcesBuildPhase;
			buildActionMask = 2147483647;
			files = (
			);
			runOnlyForDeploymentPostprocessing = 0;
		};
		00AD1CC524869C2400A27979 /* Sources */ = {
			isa = PBXSourcesBuildPhase;
			buildActionMask = 2147483647;
			files = (
				D888D2E425FDBFD8008CC9AA /* LuminosoInstance.swift in Sources */,
			);
			runOnlyForDeploymentPostprocessing = 0;
		};
		00AD1CCD24869C2400A27979 /* Sources */ = {
			isa = PBXSourcesBuildPhase;
			buildActionMask = 2147483647;
			files = (
			);
			runOnlyForDeploymentPostprocessing = 0;
		};
		00AD1CE024869C6C00A27979 /* Sources */ = {
			isa = PBXSourcesBuildPhase;
			buildActionMask = 2147483647;
			files = (
			);
			runOnlyForDeploymentPostprocessing = 0;
		};
/* End PBXSourcesBuildPhase section */

/* Begin PBXTargetDependency section */
		00AD1C7E24869B0E00A27979 /* PBXTargetDependency */ = {
			isa = PBXTargetDependency;
			target = 00AD1C7124869B0E00A27979 /* Luminoso-iOS */;
			targetProxy = 00AD1C7D24869B0E00A27979 /* PBXContainerItemProxy */;
		};
		00AD1CB824869C1200A27979 /* PBXTargetDependency */ = {
			isa = PBXTargetDependency;
			target = 00AD1CAC24869C1200A27979 /* Luminoso-macOS */;
			targetProxy = 00AD1CB724869C1200A27979 /* PBXContainerItemProxy */;
		};
		00AD1CD424869C2400A27979 /* PBXTargetDependency */ = {
			isa = PBXTargetDependency;
			target = 00AD1CC824869C2400A27979 /* Luminoso-tvOS */;
			targetProxy = 00AD1CD324869C2400A27979 /* PBXContainerItemProxy */;
		};
/* End PBXTargetDependency section */

/* Begin XCBuildConfiguration section */
		00AD1C8424869B0E00A27979 /* Debug */ = {
			isa = XCBuildConfiguration;
			buildSettings = {
				ALWAYS_SEARCH_USER_PATHS = NO;
				APPLICATION_EXTENSION_API_ONLY = YES;
				CLANG_ANALYZER_NONNULL = YES;
				CLANG_ANALYZER_NUMBER_OBJECT_CONVERSION = YES_AGGRESSIVE;
				CLANG_CXX_LANGUAGE_STANDARD = "gnu++14";
				CLANG_CXX_LIBRARY = "libc++";
				CLANG_ENABLE_MODULES = YES;
				CLANG_ENABLE_OBJC_ARC = YES;
				CLANG_ENABLE_OBJC_WEAK = YES;
				CLANG_WARN_BLOCK_CAPTURE_AUTORELEASING = YES;
				CLANG_WARN_BOOL_CONVERSION = YES;
				CLANG_WARN_COMMA = YES;
				CLANG_WARN_CONSTANT_CONVERSION = YES;
				CLANG_WARN_DEPRECATED_OBJC_IMPLEMENTATIONS = YES;
				CLANG_WARN_DIRECT_OBJC_ISA_USAGE = YES_ERROR;
				CLANG_WARN_DOCUMENTATION_COMMENTS = YES;
				CLANG_WARN_EMPTY_BODY = YES;
				CLANG_WARN_ENUM_CONVERSION = YES;
				CLANG_WARN_INFINITE_RECURSION = YES;
				CLANG_WARN_INT_CONVERSION = YES;
				CLANG_WARN_NON_LITERAL_NULL_CONVERSION = YES;
				CLANG_WARN_OBJC_IMPLICIT_RETAIN_SELF = YES;
				CLANG_WARN_OBJC_LITERAL_CONVERSION = YES;
				CLANG_WARN_OBJC_ROOT_CLASS = YES_ERROR;
				CLANG_WARN_QUOTED_INCLUDE_IN_FRAMEWORK_HEADER = YES;
				CLANG_WARN_RANGE_LOOP_ANALYSIS = YES;
				CLANG_WARN_STRICT_PROTOTYPES = YES;
				CLANG_WARN_SUSPICIOUS_MOVE = YES;
				CLANG_WARN_UNGUARDED_AVAILABILITY = YES_AGGRESSIVE;
				CLANG_WARN_UNREACHABLE_CODE = YES;
				CLANG_WARN__DUPLICATE_METHOD_MATCH = YES;
				COPY_PHASE_STRIP = NO;
				CURRENT_PROJECT_VERSION = 1;
				DEBUG_INFORMATION_FORMAT = dwarf;
				DEFINES_MODULE = NO;
				ENABLE_STRICT_OBJC_MSGSEND = YES;
				ENABLE_TESTABILITY = YES;
				GCC_C_LANGUAGE_STANDARD = gnu11;
				GCC_DYNAMIC_NO_PIC = NO;
				GCC_NO_COMMON_BLOCKS = YES;
				GCC_OPTIMIZATION_LEVEL = 0;
				GCC_PREPROCESSOR_DEFINITIONS = (
					"DEBUG=1",
					"$(inherited)",
				);
				GCC_WARN_64_TO_32_BIT_CONVERSION = YES;
				GCC_WARN_ABOUT_RETURN_TYPE = YES_ERROR;
				GCC_WARN_UNDECLARED_SELECTOR = YES;
				GCC_WARN_UNINITIALIZED_AUTOS = YES_AGGRESSIVE;
				GCC_WARN_UNUSED_FUNCTION = YES;
				GCC_WARN_UNUSED_VARIABLE = YES;
				INFOPLIST_FILE = ./Framework/Info.plist;
				IPHONEOS_DEPLOYMENT_TARGET = 13.4;
				MTL_ENABLE_DEBUG_INFO = INCLUDE_SOURCE;
				MTL_FAST_MATH = YES;
				ONLY_ACTIVE_ARCH = YES;
				OTHER_LDFLAGS = (
					"-lc++",
					"-lz",
					"-ObjC",
				);
				PRODUCT_BUNDLE_IDENTIFIER = com.luminoso.Luminoso;
				PRODUCT_NAME = Luminoso;
				RUN_CLANG_STATIC_ANALYZER = YES;
				SDKROOT = iphoneos;
				VERSIONING_SYSTEM = "apple-generic";
				VERSION_INFO_PREFIX = "";
			};
			name = Debug;
		};
		00AD1C8524869B0E00A27979 /* Release */ = {
			isa = XCBuildConfiguration;
			buildSettings = {
				ALWAYS_SEARCH_USER_PATHS = NO;
				APPLICATION_EXTENSION_API_ONLY = YES;
				CLANG_ANALYZER_NONNULL = YES;
				CLANG_ANALYZER_NUMBER_OBJECT_CONVERSION = YES_AGGRESSIVE;
				CLANG_CXX_LANGUAGE_STANDARD = "gnu++14";
				CLANG_CXX_LIBRARY = "libc++";
				CLANG_ENABLE_MODULES = YES;
				CLANG_ENABLE_OBJC_ARC = YES;
				CLANG_ENABLE_OBJC_WEAK = YES;
				CLANG_WARN_BLOCK_CAPTURE_AUTORELEASING = YES;
				CLANG_WARN_BOOL_CONVERSION = YES;
				CLANG_WARN_COMMA = YES;
				CLANG_WARN_CONSTANT_CONVERSION = YES;
				CLANG_WARN_DEPRECATED_OBJC_IMPLEMENTATIONS = YES;
				CLANG_WARN_DIRECT_OBJC_ISA_USAGE = YES_ERROR;
				CLANG_WARN_DOCUMENTATION_COMMENTS = YES;
				CLANG_WARN_EMPTY_BODY = YES;
				CLANG_WARN_ENUM_CONVERSION = YES;
				CLANG_WARN_INFINITE_RECURSION = YES;
				CLANG_WARN_INT_CONVERSION = YES;
				CLANG_WARN_NON_LITERAL_NULL_CONVERSION = YES;
				CLANG_WARN_OBJC_IMPLICIT_RETAIN_SELF = YES;
				CLANG_WARN_OBJC_LITERAL_CONVERSION = YES;
				CLANG_WARN_OBJC_ROOT_CLASS = YES_ERROR;
				CLANG_WARN_QUOTED_INCLUDE_IN_FRAMEWORK_HEADER = YES;
				CLANG_WARN_RANGE_LOOP_ANALYSIS = YES;
				CLANG_WARN_STRICT_PROTOTYPES = YES;
				CLANG_WARN_SUSPICIOUS_MOVE = YES;
				CLANG_WARN_UNGUARDED_AVAILABILITY = YES_AGGRESSIVE;
				CLANG_WARN_UNREACHABLE_CODE = YES;
				CLANG_WARN__DUPLICATE_METHOD_MATCH = YES;
				COPY_PHASE_STRIP = NO;
				CURRENT_PROJECT_VERSION = 1;
				DEBUG_INFORMATION_FORMAT = "dwarf-with-dsym";
				DEFINES_MODULE = NO;
				ENABLE_NS_ASSERTIONS = NO;
				ENABLE_STRICT_OBJC_MSGSEND = YES;
				GCC_C_LANGUAGE_STANDARD = gnu11;
				GCC_NO_COMMON_BLOCKS = YES;
				GCC_WARN_64_TO_32_BIT_CONVERSION = YES;
				GCC_WARN_ABOUT_RETURN_TYPE = YES_ERROR;
				GCC_WARN_UNDECLARED_SELECTOR = YES;
				GCC_WARN_UNINITIALIZED_AUTOS = YES_AGGRESSIVE;
				GCC_WARN_UNUSED_FUNCTION = YES;
				GCC_WARN_UNUSED_VARIABLE = YES;
				INFOPLIST_FILE = ./Framework/Info.plist;
				IPHONEOS_DEPLOYMENT_TARGET = 13.4;
				MTL_ENABLE_DEBUG_INFO = NO;
				MTL_FAST_MATH = YES;
				OTHER_LDFLAGS = (
					"-lc++",
					"-lz",
					"-ObjC",
				);
				PRODUCT_BUNDLE_IDENTIFIER = com.luminoso.Luminoso;
				PRODUCT_NAME = Luminoso;
				RUN_CLANG_STATIC_ANALYZER = YES;
				SDKROOT = iphoneos;
				VALIDATE_PRODUCT = YES;
				VERSIONING_SYSTEM = "apple-generic";
				VERSION_INFO_PREFIX = "";
			};
			name = Release;
		};
		00AD1C8724869B0E00A27979 /* Debug */ = {
			isa = XCBuildConfiguration;
			buildSettings = {
				CLANG_ENABLE_MODULES = YES;
				CLANG_MODULES_AUTOLINK = NO;
				CODE_SIGN_STYLE = Automatic;
				DEFINES_MODULE = YES;
				DYLIB_COMPATIBILITY_VERSION = 1;
				DYLIB_CURRENT_VERSION = 1;
				DYLIB_INSTALL_NAME_BASE = "@rpath";
				INSTALL_PATH = "$(LOCAL_LIBRARY_DIR)/Frameworks";
				IPHONEOS_DEPLOYMENT_TARGET = 9.3;
				LD_RUNPATH_SEARCH_PATHS = (
					"$(inherited)",
					"@executable_path/Frameworks",
					"@loader_path/Frameworks",
				);
				MODULEMAP_FILE = "$(PROJECT_DIR)/Framework/module.modulemap";
				SKIP_INSTALL = YES;
				SUPPORTS_MACCATALYST = NO;
				SWIFT_OPTIMIZATION_LEVEL = "-Onone";
				SWIFT_VERSION = 5.0;
				TARGETED_DEVICE_FAMILY = "1,2";
			};
			name = Debug;
		};
		00AD1C8824869B0E00A27979 /* Release */ = {
			isa = XCBuildConfiguration;
			buildSettings = {
				CLANG_ENABLE_MODULES = YES;
				CLANG_MODULES_AUTOLINK = NO;
				CODE_SIGN_STYLE = Automatic;
				DEFINES_MODULE = YES;
				DYLIB_COMPATIBILITY_VERSION = 1;
				DYLIB_CURRENT_VERSION = 1;
				DYLIB_INSTALL_NAME_BASE = "@rpath";
				INSTALL_PATH = "$(LOCAL_LIBRARY_DIR)/Frameworks";
				IPHONEOS_DEPLOYMENT_TARGET = 9.3;
				LD_RUNPATH_SEARCH_PATHS = (
					"$(inherited)",
					"@executable_path/Frameworks",
					"@loader_path/Frameworks",
				);
				MODULEMAP_FILE = "$(PROJECT_DIR)/Framework/module.modulemap";
				SKIP_INSTALL = YES;
				SUPPORTS_MACCATALYST = NO;
				SWIFT_VERSION = 5.0;
				TARGETED_DEVICE_FAMILY = "1,2";
			};
			name = Release;
		};
		00AD1C8A24869B0E00A27979 /* Debug */ = {
			isa = XCBuildConfiguration;
			buildSettings = {
				ALWAYS_EMBED_SWIFT_STANDARD_LIBRARIES = YES;
				CODE_SIGN_STYLE = Automatic;
				INFOPLIST_FILE = ./Tests/Info.plist;
				IPHONEOS_DEPLOYMENT_TARGET = 9.3;
				LD_RUNPATH_SEARCH_PATHS = (
					"$(inherited)",
					"@executable_path/Frameworks",
					"@loader_path/Frameworks",
				);
				PRODUCT_BUNDLE_IDENTIFIER = com.luminoso.LuminosoTests;
				PRODUCT_NAME = "$(TARGET_NAME)";
				SWIFT_OBJC_BRIDGING_HEADER = "Tests/Swift Tests/Tests-Bridging-Header.h";
				SWIFT_VERSION = 4.2;
				TARGETED_DEVICE_FAMILY = "1,2";
			};
			name = Debug;
		};
		00AD1C8B24869B0E00A27979 /* Release */ = {
			isa = XCBuildConfiguration;
			buildSettings = {
				ALWAYS_EMBED_SWIFT_STANDARD_LIBRARIES = YES;
				CODE_SIGN_STYLE = Automatic;
				INFOPLIST_FILE = ./Tests/Info.plist;
				IPHONEOS_DEPLOYMENT_TARGET = 9.3;
				LD_RUNPATH_SEARCH_PATHS = (
					"$(inherited)",
					"@executable_path/Frameworks",
					"@loader_path/Frameworks",
				);
				PRODUCT_BUNDLE_IDENTIFIER = com.luminoso.LuminosoTests;
				PRODUCT_NAME = "$(TARGET_NAME)";
				SWIFT_OBJC_BRIDGING_HEADER = "Tests/Swift Tests/Tests-Bridging-Header.h";
				SWIFT_VERSION = 4.2;
				TARGETED_DEVICE_FAMILY = "1,2";
			};
			name = Release;
		};
		00AD1CBF24869C1200A27979 /* Debug */ = {
			isa = XCBuildConfiguration;
			buildSettings = {
				CLANG_ENABLE_MODULES = YES;
				CODE_SIGN_STYLE = Automatic;
				COMBINE_HIDPI_IMAGES = YES;
				DEFINES_MODULE = YES;
				DYLIB_COMPATIBILITY_VERSION = 1;
				DYLIB_CURRENT_VERSION = 1;
				DYLIB_INSTALL_NAME_BASE = "@rpath";
				INSTALL_PATH = "$(LOCAL_LIBRARY_DIR)/Frameworks";
				LD_RUNPATH_SEARCH_PATHS = (
					"$(inherited)",
					"@executable_path/../Frameworks",
					"@loader_path/Frameworks",
				);
				MACOSX_DEPLOYMENT_TARGET = 10.11;
				PRODUCT_NAME = Luminoso;
				SDKROOT = macosx;
				SKIP_INSTALL = YES;
				SWIFT_OPTIMIZATION_LEVEL = "-Onone";
				SWIFT_VERSION = 5.0;
			};
			name = Debug;
		};
		00AD1CC024869C1200A27979 /* Release */ = {
			isa = XCBuildConfiguration;
			buildSettings = {
				CLANG_ENABLE_MODULES = YES;
				CODE_SIGN_STYLE = Automatic;
				COMBINE_HIDPI_IMAGES = YES;
				DEFINES_MODULE = YES;
				DYLIB_COMPATIBILITY_VERSION = 1;
				DYLIB_CURRENT_VERSION = 1;
				DYLIB_INSTALL_NAME_BASE = "@rpath";
				INSTALL_PATH = "$(LOCAL_LIBRARY_DIR)/Frameworks";
				LD_RUNPATH_SEARCH_PATHS = (
					"$(inherited)",
					"@executable_path/../Frameworks",
					"@loader_path/Frameworks",
				);
				MACOSX_DEPLOYMENT_TARGET = 10.11;
				PRODUCT_NAME = Luminoso;
				SDKROOT = macosx;
				SKIP_INSTALL = YES;
				SWIFT_VERSION = 5.0;
			};
			name = Release;
		};
		00AD1CC224869C1200A27979 /* Debug */ = {
			isa = XCBuildConfiguration;
			buildSettings = {
				ALWAYS_EMBED_SWIFT_STANDARD_LIBRARIES = YES;
				CODE_SIGN_STYLE = Automatic;
				COMBINE_HIDPI_IMAGES = YES;
				INFOPLIST_FILE = ./Tests/Info.plist;
				LD_RUNPATH_SEARCH_PATHS = (
					"$(inherited)",
					"@executable_path/../Frameworks",
					"@loader_path/../Frameworks",
				);
				MACOSX_DEPLOYMENT_TARGET = 10.11;
				PRODUCT_BUNDLE_IDENTIFIER = "com.luminoso.Luminoso-macOSTests";
				PRODUCT_NAME = "$(TARGET_NAME)";
				SDKROOT = macosx;
				SWIFT_OBJC_BRIDGING_HEADER = "Tests/Swift Tests/Tests-Bridging-Header.h";
				SWIFT_VERSION = 4.2;
			};
			name = Debug;
		};
		00AD1CC324869C1200A27979 /* Release */ = {
			isa = XCBuildConfiguration;
			buildSettings = {
				ALWAYS_EMBED_SWIFT_STANDARD_LIBRARIES = YES;
				CODE_SIGN_STYLE = Automatic;
				COMBINE_HIDPI_IMAGES = YES;
				INFOPLIST_FILE = ./Tests/Info.plist;
				LD_RUNPATH_SEARCH_PATHS = (
					"$(inherited)",
					"@executable_path/../Frameworks",
					"@loader_path/../Frameworks",
				);
				MACOSX_DEPLOYMENT_TARGET = 10.11;
				PRODUCT_BUNDLE_IDENTIFIER = "com.luminoso.Luminoso-macOSTests";
				PRODUCT_NAME = "$(TARGET_NAME)";
				SDKROOT = macosx;
				SWIFT_OBJC_BRIDGING_HEADER = "Tests/Swift Tests/Tests-Bridging-Header.h";
				SWIFT_VERSION = 4.2;
			};
			name = Release;
		};
		00AD1CDB24869C2400A27979 /* Debug */ = {
			isa = XCBuildConfiguration;
			buildSettings = {
				CLANG_ENABLE_MODULES = YES;
				CODE_SIGN_STYLE = Automatic;
				DEFINES_MODULE = YES;
				DYLIB_COMPATIBILITY_VERSION = 1;
				DYLIB_CURRENT_VERSION = 1;
				DYLIB_INSTALL_NAME_BASE = "@rpath";
				INSTALL_PATH = "$(LOCAL_LIBRARY_DIR)/Frameworks";
				LD_RUNPATH_SEARCH_PATHS = (
					"$(inherited)",
					"@executable_path/Frameworks",
					"@loader_path/Frameworks",
				);
				PRODUCT_NAME = Luminoso;
				SDKROOT = appletvos;
				SKIP_INSTALL = YES;
				SWIFT_OPTIMIZATION_LEVEL = "-Onone";
				SWIFT_VERSION = 5.0;
				TARGETED_DEVICE_FAMILY = 3;
				TVOS_DEPLOYMENT_TARGET = 9.2;
			};
			name = Debug;
		};
		00AD1CDC24869C2400A27979 /* Release */ = {
			isa = XCBuildConfiguration;
			buildSettings = {
				CLANG_ENABLE_MODULES = YES;
				CODE_SIGN_STYLE = Automatic;
				DEFINES_MODULE = YES;
				DYLIB_COMPATIBILITY_VERSION = 1;
				DYLIB_CURRENT_VERSION = 1;
				DYLIB_INSTALL_NAME_BASE = "@rpath";
				INSTALL_PATH = "$(LOCAL_LIBRARY_DIR)/Frameworks";
				LD_RUNPATH_SEARCH_PATHS = (
					"$(inherited)",
					"@executable_path/Frameworks",
					"@loader_path/Frameworks",
				);
				PRODUCT_NAME = Luminoso;
				SDKROOT = appletvos;
				SKIP_INSTALL = YES;
				SWIFT_VERSION = 5.0;
				TARGETED_DEVICE_FAMILY = 3;
				TVOS_DEPLOYMENT_TARGET = 9.2;
			};
			name = Release;
		};
		00AD1CDE24869C2400A27979 /* Debug */ = {
			isa = XCBuildConfiguration;
			buildSettings = {
				ALWAYS_EMBED_SWIFT_STANDARD_LIBRARIES = YES;
				CODE_SIGN_STYLE = Automatic;
				INFOPLIST_FILE = ./Tests/Info.plist;
				LD_RUNPATH_SEARCH_PATHS = (
					"$(inherited)",
					"@executable_path/Frameworks",
					"@loader_path/Frameworks",
				);
				PRODUCT_BUNDLE_IDENTIFIER = "com.luminoso.Luminoso-tvOSTests";
				PRODUCT_NAME = "$(TARGET_NAME)";
				SDKROOT = appletvos;
				SWIFT_OBJC_BRIDGING_HEADER = "Tests/Swift Tests/Tests-Bridging-Header.h";
				SWIFT_VERSION = 4.2;
				TARGETED_DEVICE_FAMILY = 3;
				TVOS_DEPLOYMENT_TARGET = 9.2;
			};
			name = Debug;
		};
		00AD1CDF24869C2400A27979 /* Release */ = {
			isa = XCBuildConfiguration;
			buildSettings = {
				ALWAYS_EMBED_SWIFT_STANDARD_LIBRARIES = YES;
				CODE_SIGN_STYLE = Automatic;
				INFOPLIST_FILE = ./Tests/Info.plist;
				LD_RUNPATH_SEARCH_PATHS = (
					"$(inherited)",
					"@executable_path/Frameworks",
					"@loader_path/Frameworks",
				);
				PRODUCT_BUNDLE_IDENTIFIER = "com.luminoso.Luminoso-tvOSTests";
				PRODUCT_NAME = "$(TARGET_NAME)";
				SDKROOT = appletvos;
				SWIFT_OBJC_BRIDGING_HEADER = "Tests/Swift Tests/Tests-Bridging-Header.h";
				SWIFT_VERSION = 4.2;
				TARGETED_DEVICE_FAMILY = 3;
				TVOS_DEPLOYMENT_TARGET = 9.2;
			};
			name = Release;
		};
		00AD1CEB24869C6D00A27979 /* Debug */ = {
			isa = XCBuildConfiguration;
			buildSettings = {
				CODE_SIGN_STYLE = Automatic;
				IPHONEOS_DEPLOYMENT_TARGET = 9.3;
				PRODUCT_NAME = "$(TARGET_NAME)";
				SKIP_INSTALL = YES;
				SUPPORTS_MACCATALYST = NO;
				TARGETED_DEVICE_FAMILY = "1,2";
			};
			name = Debug;
		};
		00AD1CEC24869C6D00A27979 /* Release */ = {
			isa = XCBuildConfiguration;
			buildSettings = {
				CODE_SIGN_STYLE = Automatic;
				IPHONEOS_DEPLOYMENT_TARGET = 9.3;
				PRODUCT_NAME = "$(TARGET_NAME)";
				SKIP_INSTALL = YES;
				SUPPORTS_MACCATALYST = NO;
				TARGETED_DEVICE_FAMILY = "1,2";
			};
			name = Release;
		};
/* End XCBuildConfiguration section */

/* Begin XCConfigurationList section */
		00AD1C6C24869B0E00A27979 /* Build configuration list for PBXProject "Luminoso" */ = {
			isa = XCConfigurationList;
			buildConfigurations = (
				00AD1C8424869B0E00A27979 /* Debug */,
				00AD1C8524869B0E00A27979 /* Release */,
			);
			defaultConfigurationIsVisible = 0;
			defaultConfigurationName = Release;
		};
		00AD1C8624869B0E00A27979 /* Build configuration list for PBXNativeTarget "Luminoso-iOS" */ = {
			isa = XCConfigurationList;
			buildConfigurations = (
				00AD1C8724869B0E00A27979 /* Debug */,
				00AD1C8824869B0E00A27979 /* Release */,
			);
			defaultConfigurationIsVisible = 0;
			defaultConfigurationName = Release;
		};
		00AD1C8924869B0E00A27979 /* Build configuration list for PBXNativeTarget "Luminoso-iOSTests" */ = {
			isa = XCConfigurationList;
			buildConfigurations = (
				00AD1C8A24869B0E00A27979 /* Debug */,
				00AD1C8B24869B0E00A27979 /* Release */,
			);
			defaultConfigurationIsVisible = 0;
			defaultConfigurationName = Release;
		};
		00AD1CBE24869C1200A27979 /* Build configuration list for PBXNativeTarget "Luminoso-macOS" */ = {
			isa = XCConfigurationList;
			buildConfigurations = (
				00AD1CBF24869C1200A27979 /* Debug */,
				00AD1CC024869C1200A27979 /* Release */,
			);
			defaultConfigurationIsVisible = 0;
			defaultConfigurationName = Release;
		};
		00AD1CC124869C1200A27979 /* Build configuration list for PBXNativeTarget "Luminoso-macOSTests" */ = {
			isa = XCConfigurationList;
			buildConfigurations = (
				00AD1CC224869C1200A27979 /* Debug */,
				00AD1CC324869C1200A27979 /* Release */,
			);
			defaultConfigurationIsVisible = 0;
			defaultConfigurationName = Release;
		};
		00AD1CDA24869C2400A27979 /* Build configuration list for PBXNativeTarget "Luminoso-tvOS" */ = {
			isa = XCConfigurationList;
			buildConfigurations = (
				00AD1CDB24869C2400A27979 /* Debug */,
				00AD1CDC24869C2400A27979 /* Release */,
			);
			defaultConfigurationIsVisible = 0;
			defaultConfigurationName = Release;
		};
		00AD1CDD24869C2400A27979 /* Build configuration list for PBXNativeTarget "Luminoso-tvOSTests" */ = {
			isa = XCConfigurationList;
			buildConfigurations = (
				00AD1CDE24869C2400A27979 /* Debug */,
				00AD1CDF24869C2400A27979 /* Release */,
			);
			defaultConfigurationIsVisible = 0;
			defaultConfigurationName = Release;
		};
		00AD1CEA24869C6D00A27979 /* Build configuration list for PBXNativeTarget "LuminosoStatic" */ = {
			isa = XCConfigurationList;
			buildConfigurations = (
				00AD1CEB24869C6D00A27979 /* Debug */,
				00AD1CEC24869C6D00A27979 /* Release */,
			);
			defaultConfigurationIsVisible = 0;
			defaultConfigurationName = Release;
		};
/* End XCConfigurationList section */
	};
	rootObject = 00AD1C6924869B0E00A27979 /* Project object */;
}
